
Microsoft Visual Studio Solution File, Format Version 12.00
# Visual Studio Version 16
VisualStudioVersion = 16.0.30002.166
MinimumVisualStudioVersion = 10.0.40219.1
Project("{FAE04EC0-301F-11D3-BF4B-00C04F79EFBC}") = "Lab8_1", "Lab8_1.csproj", "{C4AEBA5F-A647-469C-B922-CE372E43A831}"
EndProject
Project("{FAE04EC0-301F-11D3-BF4B-00C04F79EFBC}") = "Lab8_2", "..\Lab8_2\Lab8_2.csproj", "{AE1908ED-7998-4B4F-B8E3-D89AA5CF6262}"
EndProject
Project("{FAE04EC0-301F-11D3-BF4B-00C04F79EFBC}") = "Lab8_3", "..\Lab8_3\Lab8_3.csproj", "{5E2BAD8B-6F96-4FF2-BBD2-FB66B4E6517B}"
EndProject
Global
	GlobalSection(SolutionConfigurationPlatforms) = preSolution
		Debug|Any CPU = Debug|Any CPU
		Release|Any CPU = Release|Any CPU
	EndGlobalSection
	GlobalSection(ProjectConfigurationPlatforms) = postSolution
		{C4AEBA5F-A647-469C-B922-CE372E43A831}.Debug|Any CPU.ActiveCfg = Debug|Any CPU
		{C4AEBA5F-A647-469C-B922-CE372E43A831}.Debug|Any CPU.Build.0 = Debug|Any CPU
		{C4AEBA5F-A647-469C-B922-CE372E43A831}.Release|Any CPU.ActiveCfg = Release|Any CPU
		{C4AEBA5F-A647-469C-B922-CE372E43A831}.Release|Any CPU.Build.0 = Release|Any CPU
		{AE1908ED-7998-4B4F-B8E3-D89AA5CF6262}.Debug|Any CPU.ActiveCfg = Debug|Any CPU
		{AE1908ED-7998-4B4F-B8E3-D89AA5CF6262}.Debug|Any CPU.Build.0 = Debug|Any CPU
		{AE1908ED-7998-4B4F-B8E3-D89AA5CF6262}.Release|Any CPU.ActiveCfg = Release|Any CPU
		{AE1908ED-7998-4B4F-B8E3-D89AA5CF6262}.Release|Any CPU.Build.0 = Release|Any CPU
		{5E2BAD8B-6F96-4FF2-BBD2-FB66B4E6517B}.Debug|Any CPU.ActiveCfg = Debug|Any CPU
		{5E2BAD8B-6F96-4FF2-BBD2-FB66B4E6517B}.Debug|Any CPU.Build.0 = Debug|Any CPU
		{5E2BAD8B-6F96-4FF2-BBD2-FB66B4E6517B}.Release|Any CPU.ActiveCfg = Release|Any CPU
		{5E2BAD8B-6F96-4FF2-BBD2-FB66B4E6517B}.Release|Any CPU.Build.0 = Release|Any CPU
	EndGlobalSection
	GlobalSection(SolutionProperties) = preSolution
		HideSolutionNode = FALSE
	EndGlobalSection
	GlobalSection(ExtensibilityGlobals) = postSolution
		SolutionGuid = {3BD1BD79-AEA5-493D-B42F-2A8A17FCEE02}
	EndGlobalSection
EndGlobal
