
Microsoft Visual Studio Solution File, Format Version 12.00
# Visual Studio Version 16
VisualStudioVersion = 16.0.30002.166
MinimumVisualStudioVersion = 10.0.40219.1
Project("{FAE04EC0-301F-11D3-BF4B-00C04F79EFBC}") = "Lab4", "Lab4.csproj", "{79093898-CCC5-49A0-99FC-0985C71D20A8}"
EndProject
Global
	GlobalSection(SolutionConfigurationPlatforms) = preSolution
		Debug|Any CPU = Debug|Any CPU
		Release|Any CPU = Release|Any CPU
	EndGlobalSection
	GlobalSection(ProjectConfigurationPlatforms) = postSolution
		{79093898-CCC5-49A0-99FC-0985C71D20A8}.Debug|Any CPU.ActiveCfg = Debug|Any CPU
		{79093898-CCC5-49A0-99FC-0985C71D20A8}.Debug|Any CPU.Build.0 = Debug|Any CPU
		{79093898-CCC5-49A0-99FC-0985C71D20A8}.Release|Any CPU.ActiveCfg = Release|Any CPU
		{79093898-CCC5-49A0-99FC-0985C71D20A8}.Release|Any CPU.Build.0 = Release|Any CPU
	EndGlobalSection
	GlobalSection(SolutionProperties) = preSolution
		HideSolutionNode = FALSE
	EndGlobalSection
	GlobalSection(ExtensibilityGlobals) = postSolution
		SolutionGuid = {69D4A5DF-A2FE-4A2B-A85B-637E6C2A979D}
	EndGlobalSection
EndGlobal
